# This file was autogenerated by Stack.
# You should not edit this file by hand.
# For more information, please see the documentation at:
#   https://docs.haskellstack.org/en/stable/lock_files

packages:
- completed:
    hackage: split-0.2.3.5@sha256:f472fa7019647cacac3267742a6f7ac0a5c816f9890e80e4b826cd937436de87,2646
    pantry-tree:
      sha256: 516449cf535bbfc78cf1a5795d28dd1e0f19b65a07c33a78b45566101fecc534
      size: 439
  original:
    hackage: split-0.2.3.5
- completed:
    hackage: containers-0.6.6@sha256:008d007dfff018954e05ecdb8d628d8e32531f7dc3c6bb7e9bd55118c1224514,2589
    pantry-tree:
      sha256: de48bcf6b468c4793bbdd22f969d940bfe74425c74654b0efbf0487792c239b5
      size: 2822
  original:
    hackage: containers-0.6.6
snapshots: []
